// !$*UTF8*$!
{
	archiveVersion = 1;
	classes = {
	};
	objectVersion = 46;
	objects = {

/* Begin PBXBuildFile section */
		AC9BE25A1B17B5C4004C51D1 /* AppDelegate.swift in Sources */ = {isa = PBXBuildFile; fileRef = AC9BE2591B17B5C4004C51D1 /* AppDelegate.swift */; };
		AC9BE25D1B17B5C4004C51D1 /* TestScrollView.xcdatamodeld in Sources */ = {isa = PBXBuildFile; fileRef = AC9BE25B1B17B5C4004C51D1 /* TestScrollView.xcdatamodeld */; };
		AC9BE25F1B17B5C4004C51D1 /* Images.xcassets in Resources */ = {isa = PBXBuildFile; fileRef = AC9BE25E1B17B5C4004C51D1 /* Images.xcassets */; };
		AC9BE2621B17B5C4004C51D1 /* LaunchScreen.xib in Resources */ = {isa = PBXBuildFile; fileRef = AC9BE2601B17B5C4004C51D1 /* LaunchScreen.xib */; };
		AC9BE26E1B17B5C5004C51D1 /* TestScrollViewTests.swift in Sources */ = {isa = PBXBuildFile; fileRef = AC9BE26D1B17B5C5004C51D1 /* TestScrollViewTests.swift */; };
		AC9BE2781B17B5E4004C51D1 /* ScrollViewController.swift in Sources */ = {isa = PBXBuildFile; fileRef = AC9BE2771B17B5E4004C51D1 /* ScrollViewController.swift */; };
/* End PBXBuildFile section */

/* Begin PBXContainerItemProxy section */
		AC9BE2681B17B5C5004C51D1 /* PBXContainerItemProxy */ = {
			isa = PBXContainerItemProxy;
			containerPortal = AC9BE24C1B17B5C4004C51D1 /* Project object */;
			proxyType = 1;
			remoteGlobalIDString = AC9BE2531B17B5C4004C51D1;
			remoteInfo = TestScrollView;
		};
/* End PBXContainerItemProxy section */

/* Begin PBXFileReference section */
		AC9BE2541B17B5C4004C51D1 /* TestScrollView.app */ = {isa = PBXFileReference; explicitFileType = wrapper.application; includeInIndex = 0; path = TestScrollView.app; sourceTree = BUILT_PRODUCTS_DIR; };
		AC9BE2581B17B5C4004C51D1 /* Info.plist */ = {isa = PBXFileReference; lastKnownFileType = text.plist.xml; path = Info.plist; sourceTree = "<group>"; };
		AC9BE2591B17B5C4004C51D1 /* AppDelegate.swift */ = {isa = PBXFileReference; lastKnownFileType = sourcecode.swift; path = AppDelegate.swift; sourceTree = "<group>"; };
		AC9BE25C1B17B5C4004C51D1 /* TestScrollView.xcdatamodel */ = {isa = PBXFileReference; lastKnownFileType = wrapper.xcdatamodel; path = TestScrollView.xcdatamodel; sourceTree = "<group>"; };
		AC9BE25E1B17B5C4004C51D1 /* Images.xcassets */ = {isa = PBXFileReference; lastKnownFileType = folder.assetcatalog; path = Images.xcassets; sourceTree = "<group>"; };
		AC9BE2611B17B5C4004C51D1 /* Base */ = {isa = PBXFileReference; lastKnownFileType = file.xib; name = Base; path = Base.lproj/LaunchScreen.xib; sourceTree = "<group>"; };
		AC9BE2671B17B5C5004C51D1 /* TestScrollViewTests.xctest */ = {isa = PBXFileReference; explicitFileType = wrapper.cfbundle; includeInIndex = 0; path = TestScrollViewTests.xctest; sourceTree = BUILT_PRODUCTS_DIR; };
		AC9BE26C1B17B5C5004C51D1 /* Info.plist */ = {isa = PBXFileReference; lastKnownFileType = text.plist.xml; path = Info.plist; sourceTree = "<group>"; };
		AC9BE26D1B17B5C5004C51D1 /* TestScrollViewTests.swift */ = {isa = PBXFileReference; lastKnownFileType = sourcecode.swift; path = TestScrollViewTests.swift; sourceTree = "<group>"; };
		AC9BE2771B17B5E4004C51D1 /* ScrollViewController.swift */ = {isa = PBXFileReference; fileEncoding = 4; lastKnownFileType = sourcecode.swift; path = ScrollViewController.swift; sourceTree = "<group>"; };
/* End PBXFileReference section */

/* Begin PBXFrameworksBuildPhase section */
		AC9BE2511B17B5C4004C51D1 /* Frameworks */ = {
			isa = PBXFrameworksBuildPhase;
			buildActionMask = 2147483647;
			files = (
			);
			runOnlyForDeploymentPostprocessing = 0;
		};
		AC9BE2641B17B5C5004C51D1 /* Frameworks */ = {
			isa = PBXFrameworksBuildPhase;
			buildActionMask = 2147483647;
			files = (
			);
			runOnlyForDeploymentPostprocessing = 0;
		};
/* End PBXFrameworksBuildPhase section */

/* Begin PBXGroup section */
		AC9BE24B1B17B5C4004C51D1 = {
			isa = PBXGroup;
			children = (
				AC9BE2561B17B5C4004C51D1 /* TestScrollView */,
				AC9BE26A1B17B5C5004C51D1 /* TestScrollViewTests */,
				AC9BE2551B17B5C4004C51D1 /* Products */,
			);
			sourceTree = "<group>";
		};
		AC9BE2551B17B5C4004C51D1 /* Products */ = {
			isa = PBXGroup;
			children = (
				AC9BE2541B17B5C4004C51D1 /* TestScrollView.app */,
				AC9BE2671B17B5C5004C51D1 /* TestScrollViewTests.xctest */,
			);
			name = Products;
			sourceTree = "<group>";
		};
		AC9BE2561B17B5C4004C51D1 /* TestScrollView */ = {
			isa = PBXGroup;
			children = (
				AC9BE2591B17B5C4004C51D1 /* AppDelegate.swift */,
				AC9BE25E1B17B5C4004C51D1 /* Images.xcassets */,
				AC9BE2601B17B5C4004C51D1 /* LaunchScreen.xib */,
				AC9BE25B1B17B5C4004C51D1 /* TestScrollView.xcdatamodeld */,
				AC9BE2571B17B5C4004C51D1 /* Supporting Files */,
				AC9BE2771B17B5E4004C51D1 /* ScrollViewController.swift */,
			);
			path = TestScrollView;
			sourceTree = "<group>";
		};
		AC9BE2571B17B5C4004C51D1 /* Supporting Files */ = {
			isa = PBXGroup;
			children = (
				AC9BE2581B17B5C4004C51D1 /* Info.plist */,
			);
			name = "Supporting Files";
			sourceTree = "<group>";
		};
		AC9BE26A1B17B5C5004C51D1 /* TestScrollViewTests */ = {
			isa = PBXGroup;
			children = (
				AC9BE26D1B17B5C5004C51D1 /* TestScrollViewTests.swift */,
				AC9BE26B1B17B5C5004C51D1 /* Supporting Files */,
			);
			path = TestScrollViewTests;
			sourceTree = "<group>";
		};
		AC9BE26B1B17B5C5004C51D1 /* Supporting Files */ = {
			isa = PBXGroup;
			children = (
				AC9BE26C1B17B5C5004C51D1 /* Info.plist */,
			);
			name = "Supporting Files";
			sourceTree = "<group>";
		};
/* End PBXGroup section */

/* Begin PBXNativeTarget section */
		AC9BE2531B17B5C4004C51D1 /* TestScrollView */ = {
			isa = PBXNativeTarget;
			buildConfigurationList = AC9BE2711B17B5C5004C51D1 /* Build configuration list for PBXNativeTarget "TestScrollView" */;
			buildPhases = (
				AC9BE2501B17B5C4004C51D1 /* Sources */,
				AC9BE2511B17B5C4004C51D1 /* Frameworks */,
				AC9BE2521B17B5C4004C51D1 /* Resources */,
			);
			buildRules = (
			);
			dependencies = (
			);
			name = TestScrollView;
			productName = TestScrollView;
			productReference = AC9BE2541B17B5C4004C51D1 /* TestScrollView.app */;
			productType = "com.apple.product-type.application";
		};
		AC9BE2661B17B5C5004C51D1 /* TestScrollViewTests */ = {
			isa = PBXNativeTarget;
			buildConfigurationList = AC9BE2741B17B5C5004C51D1 /* Build configuration list for PBXNativeTarget "TestScrollViewTests" */;
			buildPhases = (
				AC9BE2631B17B5C5004C51D1 /* Sources */,
				AC9BE2641B17B5C5004C51D1 /* Frameworks */,
				AC9BE2651B17B5C5004C51D1 /* Resources */,
			);
			buildRules = (
			);
			dependencies = (
				AC9BE2691B17B5C5004C51D1 /* PBXTargetDependency */,
			);
			name = TestScrollViewTests;
			productName = TestScrollViewTests;
			productReference = AC9BE2671B17B5C5004C51D1 /* TestScrollViewTests.xctest */;
			productType = "com.apple.product-type.bundle.unit-test";
		};
/* End PBXNativeTarget section */

/* Begin PBXProject section */
		AC9BE24C1B17B5C4004C51D1 /* Project object */ = {
			isa = PBXProject;
			attributes = {
				LastSwiftMigration = 0700;
				LastSwiftUpdateCheck = 0700;
				LastUpgradeCheck = 0630;
				ORGANIZATIONNAME = "Partha Gudivada";
				TargetAttributes = {
					AC9BE2531B17B5C4004C51D1 = {
						CreatedOnToolsVersion = 6.3.2;
					};
					AC9BE2661B17B5C5004C51D1 = {
						CreatedOnToolsVersion = 6.3.2;
						TestTargetID = AC9BE2531B17B5C4004C51D1;
					};
				};
			};
			buildConfigurationList = AC9BE24F1B17B5C4004C51D1 /* Build configuration list for PBXProject "TestScrollView" */;
			compatibilityVersion = "Xcode 3.2";
			developmentRegion = English;
			hasScannedForEncodings = 0;
			knownRegions = (
				en,
				Base,
			);
			mainGroup = AC9BE24B1B17B5C4004C51D1;
			productRefGroup = AC9BE2551B17B5C4004C51D1 /* Products */;
			projectDirPath = "";
			projectRoot = "";
			targets = (
				AC9BE2531B17B5C4004C51D1 /* TestScrollView */,
				AC9BE2661B17B5C5004C51D1 /* TestScrollViewTests */,
			);
		};
/* End PBXProject section */

/* Begin PBXResourcesBuildPhase section */
		AC9BE2521B17B5C4004C51D1 /* Resources */ = {
			isa = PBXResourcesBuildPhase;
			buildActionMask = 2147483647;
			files = (
				AC9BE2621B17B5C4004C51D1 /* LaunchScreen.xib in Resources */,
				AC9BE25F1B17B5C4004C51D1 /* Images.xcassets in Resources */,
			);
			runOnlyForDeploymentPostprocessing = 0;
		};
		AC9BE2651B17B5C5004C51D1 /* Resources */ = {
			isa = PBXResourcesBuildPhase;
			buildActionMask = 2147483647;
			files = (
			);
			runOnlyForDeploymentPostprocessing = 0;
		};
/* End PBXResourcesBuildPhase section */

/* Begin PBXSourcesBuildPhase section */
		AC9BE2501B17B5C4004C51D1 /* Sources */ = {
			isa = PBXSourcesBuildPhase;
			buildActionMask = 2147483647;
			files = (
				AC9BE25A1B17B5C4004C51D1 /* AppDelegate.swift in Sources */,
				AC9BE2781B17B5E4004C51D1 /* ScrollViewController.swift in Sources */,
				AC9BE25D1B17B5C4004C51D1 /* TestScrollView.xcdatamodeld in Sources */,
			);
			runOnlyForDeploymentPostprocessing = 0;
		};
		AC9BE2631B17B5C5004C51D1 /* Sources */ = {
			isa = PBXSourcesBuildPhase;
			buildActionMask = 2147483647;
			files = (
				AC9BE26E1B17B5C5004C51D1 /* TestScrollViewTests.swift in Sources */,
			);
			runOnlyForDeploymentPostprocessing = 0;
		};
/* End PBXSourcesBuildPhase section */

/* Begin PBXTargetDependency section */
		AC9BE2691B17B5C5004C51D1 /* PBXTargetDependency */ = {
			isa = PBXTargetDependency;
			target = AC9BE2531B17B5C4004C51D1 /* TestScrollView */;
			targetProxy = AC9BE2681B17B5C5004C51D1 /* PBXContainerItemProxy */;
		};
/* End PBXTargetDependency section */

/* Begin PBXVariantGroup section */
		AC9BE2601B17B5C4004C51D1 /* LaunchScreen.xib */ = {
			isa = PBXVariantGroup;
			children = (
				AC9BE2611B17B5C4004C51D1 /* Base */,
			);
			name = LaunchScreen.xib;
			sourceTree = "<group>";
		};
/* End PBXVariantGroup section */

/* Begin XCBuildConfiguration section */
		AC9BE26F1B17B5C5004C51D1 /* Debug */ = {
			isa = XCBuildConfiguration;
			buildSettings = {
				ALWAYS_SEARCH_USER_PATHS = NO;
				CLANG_CXX_LANGUAGE_STANDARD = "gnu++0x";
				CLANG_CXX_LIBRARY = "libc++";
				CLANG_ENABLE_MODULES = YES;
				CLANG_ENABLE_OBJC_ARC = YES;
				CLANG_WARN_BOOL_CONVERSION = YES;
				CLANG_WARN_CONSTANT_CONVERSION = YES;
				CLANG_WARN_DIRECT_OBJC_ISA_USAGE = YES_ERROR;
				CLANG_WARN_EMPTY_BODY = YES;
				CLANG_WARN_ENUM_CONVERSION = YES;
				CLANG_WARN_INT_CONVERSION = YES;
				CLANG_WARN_OBJC_ROOT_CLASS = YES_ERROR;
				CLANG_WARN_UNREACHABLE_CODE = YES;
				CLANG_WARN__DUPLICATE_METHOD_MATCH = YES;
				"CODE_SIGN_IDENTITY[sdk=iphoneos*]" = "iPhone Developer";
				COPY_PHASE_STRIP = NO;
				DEBUG_INFORMATION_FORMAT = "dwarf-with-dsym";
				ENABLE_STRICT_OBJC_MSGSEND = YES;
				GCC_C_LANGUAGE_STANDARD = gnu99;
				GCC_DYNAMIC_NO_PIC = NO;
				GCC_NO_COMMON_BLOCKS = YES;
				GCC_OPTIMIZATION_LEVEL = 0;
				GCC_PREPROCESSOR_DEFINITIONS = (
					"DEBUG=1",
					"$(inherited)",
				);
				GCC_SYMBOLS_PRIVATE_EXTERN = NO;
				GCC_WARN_64_TO_32_BIT_CONVERSION = YES;
				GCC_WARN_ABOUT_RETURN_TYPE = YES_ERROR;
				GCC_WARN_UNDECLARED_SELECTOR = YES;
				GCC_WARN_UNINITIALIZED_AUTOS = YES_AGGRESSIVE;
				GCC_WARN_UNUSED_FUNCTION = YES;
				GCC_WARN_UNUSED_VARIABLE = YES;
				IPHONEOS_DEPLOYMENT_TARGET = 8.3;
				MTL_ENABLE_DEBUG_INFO = YES;
				ONLY_ACTIVE_ARCH = YES;
				SDKROOT = iphoneos;
				SWIFT_OPTIMIZATION_LEVEL = "-Onone";
				TARGETED_DEVICE_FAMILY = "1,2";
			};
			name = Debug;
		};
		AC9BE2701B17B5C5004C51D1 /* Release */ = {
			isa = XCBuildConfiguration;
			buildSettings = {
				ALWAYS_SEARCH_USER_PATHS = NO;
				CLANG_CXX_LANGUAGE_STANDARD = "gnu++0x";
				CLANG_CXX_LIBRARY = "libc++";
				CLANG_ENABLE_MODULES = YES;
				CLANG_ENABLE_OBJC_ARC = YES;
				CLANG_WARN_BOOL_CONVERSION = YES;
				CLANG_WARN_CONSTANT_CONVERSION = YES;
				CLANG_WARN_DIRECT_OBJC_ISA_USAGE = YES_ERROR;
				CLANG_WARN_EMPTY_BODY = YES;
				CLANG_WARN_ENUM_CONVERSION = YES;
				CLANG_WARN_INT_CONVERSION = YES;
				CLANG_WARN_OBJC_ROOT_CLASS = YES_ERROR;
				CLANG_WARN_UNREACHABLE_CODE = YES;
				CLANG_WARN__DUPLICATE_METHOD_MATCH = YES;
				"CODE_SIGN_IDENTITY[sdk=iphoneos*]" = "iPhone Developer";
				COPY_PHASE_STRIP = NO;
				DEBUG_INFORMATION_FORMAT = "dwarf-with-dsym";
				ENABLE_NS_ASSERTIONS = NO;
				ENABLE_STRICT_OBJC_MSGSEND = YES;
				GCC_C_LANGUAGE_STANDARD = gnu99;
				GCC_NO_COMMON_BLOCKS = YES;
				GCC_WARN_64_TO_32_BIT_CONVERSION = YES;
				GCC_WARN_ABOUT_RETURN_TYPE = YES_ERROR;
				GCC_WARN_UNDECLARED_SELECTOR = YES;
				GCC_WARN_UNINITIALIZED_AUTOS = YES_AGGRESSIVE;
				GCC_WARN_UNUSED_FUNCTION = YES;
				GCC_WARN_UNUSED_VARIABLE = YES;
				IPHONEOS_DEPLOYMENT_TARGET = 8.3;
				MTL_ENABLE_DEBUG_INFO = NO;
				SDKROOT = iphoneos;
				TARGETED_DEVICE_FAMILY = "1,2";
				VALIDATE_PRODUCT = YES;
			};
			name = Release;
		};
		AC9BE2721B17B5C5004C51D1 /* Debug */ = {
			isa = XCBuildConfiguration;
			buildSettings = {
				ASSETCATALOG_COMPILER_APPICON_NAME = AppIcon;
				CODE_SIGN_IDENTITY = "iPhone Developer";
				INFOPLIST_FILE = TestScrollView/Info.plist;
				LD_RUNPATH_SEARCH_PATHS = "$(inherited) @executable_path/Frameworks";
				PRODUCT_NAME = "$(TARGET_NAME)";
			};
			name = Debug;
		};
		AC9BE2731B17B5C5004C51D1 /* Release */ = {
			isa = XCBuildConfiguration;
			buildSettings = {
				ASSETCATALOG_COMPILER_APPICON_NAME = AppIcon;
				CODE_SIGN_IDENTITY = "iPhone Developer";
				INFOPLIST_FILE = TestScrollView/Info.plist;
				LD_RUNPATH_SEARCH_PATHS = "$(inherited) @executable_path/Frameworks";
				PRODUCT_NAME = "$(TARGET_NAME)";
			};
			name = Release;
		};
		AC9BE2751B17B5C5004C51D1 /* Debug */ = {
			isa = XCBuildConfiguration;
			buildSettings = {
				BUNDLE_LOADER = "$(TEST_HOST)";
				FRAMEWORK_SEARCH_PATHS = (
					"$(SDKROOT)/Developer/Library/Frameworks",
					"$(inherited)",
				);
				GCC_PREPROCESSOR_DEFINITIONS = (
					"DEBUG=1",
					"$(inherited)",
				);
				INFOPLIST_FILE = TestScrollViewTests/Info.plist;
				LD_RUNPATH_SEARCH_PATHS = "$(inherited) @executable_path/Frameworks @loader_path/Frameworks";
				PRODUCT_NAME = "$(TARGET_NAME)";
				TEST_HOST = "$(BUILT_PRODUCTS_DIR)/TestScrollView.app/TestScrollView";
			};
			name = Debug;
		};
		AC9BE2761B17B5C5004C51D1 /* Release */ = {
			isa = XCBuildConfiguration;
			buildSettings = {
				BUNDLE_LOADER = "$(TEST_HOST)";
				FRAMEWORK_SEARCH_PATHS = (
					"$(SDKROOT)/Developer/Library/Frameworks",
					"$(inherited)",
				);
				INFOPLIST_FILE = TestScrollViewTests/Info.plist;
				LD_RUNPATH_SEARCH_PATHS = "$(inherited) @executable_path/Frameworks @loader_path/Frameworks";
				PRODUCT_NAME = "$(TARGET_NAME)";
				TEST_HOST = "$(BUILT_PRODUCTS_DIR)/TestScrollView.app/TestScrollView";
			};
			name = Release;
		};
/* End XCBuildConfiguration section */

/* Begin XCConfigurationList section */
		AC9BE24F1B17B5C4004C51D1 /* Build configuration list for PBXProject "TestScrollView" */ = {
			isa = XCConfigurationList;
			buildConfigurations = (
				AC9BE26F1B17B5C5004C51D1 /* Debug */,
				AC9BE2701B17B5C5004C51D1 /* Release */,
			);
			defaultConfigurationIsVisible = 0;
			defaultConfigurationName = Release;
		};
		AC9BE2711B17B5C5004C51D1 /* Build configuration list for PBXNativeTarget "TestScrollView" */ = {
			isa = XCConfigurationList;
			buildConfigurations = (
				AC9BE2721B17B5C5004C51D1 /* Debug */,
				AC9BE2731B17B5C5004C51D1 /* Release */,
			);
			defaultConfigurationIsVisible = 0;
			defaultConfigurationName = Release;
		};
		AC9BE2741B17B5C5004C51D1 /* Build configuration list for PBXNativeTarget "TestScrollViewTests" */ = {
			isa = XCConfigurationList;
			buildConfigurations = (
				AC9BE2751B17B5C5004C51D1 /* Debug */,
				AC9BE2761B17B5C5004C51D1 /* Release */,
			);
			defaultConfigurationIsVisible = 0;
			defaultConfigurationName = Release;
		};
/* End XCConfigurationList section */

/* Begin XCVersionGroup section */
		AC9BE25B1B17B5C4004C51D1 /* TestScrollView.xcdatamodeld */ = {
			isa = XCVersionGroup;
			children = (
				AC9BE25C1B17B5C4004C51D1 /* TestScrollView.xcdatamodel */,
			);
			currentVersion = AC9BE25C1B17B5C4004C51D1 /* TestScrollView.xcdatamodel */;
			path = TestScrollView.xcdatamodeld;
			sourceTree = "<group>";
			versionGroupType = wrapper.xcdatamodel;
		};
/* End XCVersionGroup section */
	};
	rootObject = AC9BE24C1B17B5C4004C51D1 /* Project object */;
}
